// !$*UTF8*$!
{
	archiveVersion = 1;
	classes = {
	};
	objectVersion = 56;
	objects = {

/* Begin PBXFileReference section */
		EA4D142B28794045001BDE16 /* MyPlayground1.0.playground */ = {isa = PBXFileReference; lastKnownFileType = file.playground; path = MyPlayground1.0.playground; sourceTree = "<group>"; xcLanguageSpecificationIdentifier = xcode.lang.swift; };
/* End PBXFileReference section */

/* Begin PBXGroup section */
		EA4D14242879402A001BDE16 = {
			isa = PBXGroup;
			children = (
				EA4D142B28794045001BDE16 /* MyPlayground1.0.playground */,
			);
			sourceTree = "<group>";
		};
/* End PBXGroup section */

/* Begin PBXProject section */
		EA4D14252879402A001BDE16 /* Project object */ = {
			isa = PBXProject;
			attributes = {
				BuildIndependentTargetsInParallel = 1;
				LastUpgradeCheck = 1400;
			};
			buildConfigurationList = EA4D14282879402A001BDE16 /* Build configuration list for PBXProject "Playground2.0" */;
			compatibilityVersion = "Xcode 14.0";
			developmentRegion = en;
			hasScannedForEncodings = 0;
			knownRegions = (
				en,
				Base,
			);
			mainGroup = EA4D14242879402A001BDE16;
			projectDirPath = "";
			projectRoot = "";
			targets = (
			);
		};
/* End PBXProject section */

/* Begin XCBuildConfiguration section */
		EA4D14292879402A001BDE16 /* Debug */ = {
			isa = XCBuildConfiguration;
			buildSettings = {
			};
			name = Debug;
		};
		EA4D142A2879402A001BDE16 /* Release */ = {
			isa = XCBuildConfiguration;
			buildSettings = {
			};
			name = Release;
		};
/* End XCBuildConfiguration section */

/* Begin XCConfigurationList section */
		EA4D14282879402A001BDE16 /* Build configuration list for PBXProject "Playground2.0" */ = {
			isa = XCConfigurationList;
			buildConfigurations = (
				EA4D14292879402A001BDE16 /* Debug */,
				EA4D142A2879402A001BDE16 /* Release */,
			);
			defaultConfigurationIsVisible = 0;
			defaultConfigurationName = Release;
		};
/* End XCConfigurationList section */
	};
	rootObject = EA4D14252879402A001BDE16 /* Project object */;
}
